// !$*UTF8*$!
{
	archiveVersion = 1;
	classes = {
	};
	objectVersion = 50;
	objects = {

/* Begin PBXBuildFile section */
		B85D58A9234487DD00C7C9B7 /* AppDelegate.m in Sources */ = {isa = PBXBuildFile; fileRef = B85D58A8234487DD00C7C9B7 /* AppDelegate.m */; };
		B85D58AC234487DD00C7C9B7 /* ViewController.m in Sources */ = {isa = PBXBuildFile; fileRef = B85D58AB234487DD00C7C9B7 /* ViewController.m */; };
		B85D58AF234487DD00C7C9B7 /* Main.storyboard in Resources */ = {isa = PBXBuildFile; fileRef = B85D58AD234487DD00C7C9B7 /* Main.storyboard */; };
		B85D58B1234487DE00C7C9B7 /* Assets.xcassets in Resources */ = {isa = PBXBuildFile; fileRef = B85D58B0234487DE00C7C9B7 /* Assets.xcassets */; };
		B85D58B4234487DE00C7C9B7 /* LaunchScreen.storyboard in Resources */ = {isa = PBXBuildFile; fileRef = B85D58B2234487DE00C7C9B7 /* LaunchScreen.storyboard */; };
		B85D58B7234487DE00C7C9B7 /* main.m in Sources */ = {isa = PBXBuildFile; fileRef = B85D58B6234487DE00C7C9B7 /* main.m */; };
		B85D58BE2344883500C7C9B7 /* search_videos.plist in Resources */ = {isa = PBXBuildFile; fileRef = B85D58BD2344883500C7C9B7 /* search_videos.plist */; };
		B85D58C12344899000C7C9B7 /* CHCSVParser.m in Sources */ = {isa = PBXBuildFile; fileRef = B85D58C02344899000C7C9B7 /* CHCSVParser.m */; };
/* End PBXBuildFile section */

/* Begin PBXFileReference section */
		B85D58A4234487DD00C7C9B7 /* lamha.app */ = {isa = PBXFileReference; explicitFileType = wrapper.application; includeInIndex = 0; path = lamha.app; sourceTree = BUILT_PRODUCTS_DIR; };
		B85D58A7234487DD00C7C9B7 /* AppDelegate.h */ = {isa = PBXFileReference; lastKnownFileType = sourcecode.c.h; path = AppDelegate.h; sourceTree = "<group>"; };
		B85D58A8234487DD00C7C9B7 /* AppDelegate.m */ = {isa = PBXFileReference; lastKnownFileType = sourcecode.c.objc; path = AppDelegate.m; sourceTree = "<group>"; };
		B85D58AA234487DD00C7C9B7 /* ViewController.h */ = {isa = PBXFileReference; lastKnownFileType = sourcecode.c.h; path = ViewController.h; sourceTree = "<group>"; };
		B85D58AB234487DD00C7C9B7 /* ViewController.m */ = {isa = PBXFileReference; lastKnownFileType = sourcecode.c.objc; path = ViewController.m; sourceTree = "<group>"; };
		B85D58AE234487DD00C7C9B7 /* Base */ = {isa = PBXFileReference; lastKnownFileType = file.storyboard; name = Base; path = Base.lproj/Main.storyboard; sourceTree = "<group>"; };
		B85D58B0234487DE00C7C9B7 /* Assets.xcassets */ = {isa = PBXFileReference; lastKnownFileType = folder.assetcatalog; path = Assets.xcassets; sourceTree = "<group>"; };
		B85D58B3234487DE00C7C9B7 /* Base */ = {isa = PBXFileReference; lastKnownFileType = file.storyboard; name = Base; path = Base.lproj/LaunchScreen.storyboard; sourceTree = "<group>"; };
		B85D58B5234487DE00C7C9B7 /* Info.plist */ = {isa = PBXFileReference; lastKnownFileType = text.plist.xml; path = Info.plist; sourceTree = "<group>"; };
		B85D58B6234487DE00C7C9B7 /* main.m */ = {isa = PBXFileReference; lastKnownFileType = sourcecode.c.objc; path = main.m; sourceTree = "<group>"; };
		B85D58BD2344883500C7C9B7 /* search_videos.plist */ = {isa = PBXFileReference; fileEncoding = 4; lastKnownFileType = text.plist.xml; path = search_videos.plist; sourceTree = "<group>"; };
		B85D58BF2344899000C7C9B7 /* CHCSVParser.h */ = {isa = PBXFileReference; fileEncoding = 4; lastKnownFileType = sourcecode.c.h; path = CHCSVParser.h; sourceTree = "<group>"; };
		B85D58C02344899000C7C9B7 /* CHCSVParser.m */ = {isa = PBXFileReference; fileEncoding = 4; lastKnownFileType = sourcecode.c.objc; path = CHCSVParser.m; sourceTree = "<group>"; };
/* End PBXFileReference section */

/* Begin PBXFrameworksBuildPhase section */
		B85D58A1234487DD00C7C9B7 /* Frameworks */ = {
			isa = PBXFrameworksBuildPhase;
			buildActionMask = 2147483647;
			files = (
			);
			runOnlyForDeploymentPostprocessing = 0;
		};
/* End PBXFrameworksBuildPhase section */

/* Begin PBXGroup section */
		B85D589B234487DD00C7C9B7 = {
			isa = PBXGroup;
			children = (
				B85D58A6234487DD00C7C9B7 /* lamha */,
				B85D58A5234487DD00C7C9B7 /* Products */,
			);
			sourceTree = "<group>";
		};
		B85D58A5234487DD00C7C9B7 /* Products */ = {
			isa = PBXGroup;
			children = (
				B85D58A4234487DD00C7C9B7 /* lamha.app */,
			);
			name = Products;
			sourceTree = "<group>";
		};
		B85D58A6234487DD00C7C9B7 /* lamha */ = {
			isa = PBXGroup;
			children = (
				B85D58BF2344899000C7C9B7 /* CHCSVParser.h */,
				B85D58C02344899000C7C9B7 /* CHCSVParser.m */,
				B85D58BD2344883500C7C9B7 /* search_videos.plist */,
				B85D58A7234487DD00C7C9B7 /* AppDelegate.h */,
				B85D58A8234487DD00C7C9B7 /* AppDelegate.m */,
				B85D58AA234487DD00C7C9B7 /* ViewController.h */,
				B85D58AB234487DD00C7C9B7 /* ViewController.m */,
				B85D58AD234487DD00C7C9B7 /* Main.storyboard */,
				B85D58B0234487DE00C7C9B7 /* Assets.xcassets */,
				B85D58B2234487DE00C7C9B7 /* LaunchScreen.storyboard */,
				B85D58B5234487DE00C7C9B7 /* Info.plist */,
				B85D58B6234487DE00C7C9B7 /* main.m */,
			);
			path = lamha;
			sourceTree = "<group>";
		};
/* End PBXGroup section */

/* Begin PBXNativeTarget section */
		B85D58A3234487DD00C7C9B7 /* lamha */ = {
			isa = PBXNativeTarget;
			buildConfigurationList = B85D58BA234487DE00C7C9B7 /* Build configuration list for PBXNativeTarget "lamha" */;
			buildPhases = (
				B85D58A0234487DD00C7C9B7 /* Sources */,
				B85D58A1234487DD00C7C9B7 /* Frameworks */,
				B85D58A2234487DD00C7C9B7 /* Resources */,
			);
			buildRules = (
			);
			dependencies = (
			);
			name = lamha;
			productName = lamha;
			productReference = B85D58A4234487DD00C7C9B7 /* lamha.app */;
			productType = "com.apple.product-type.application";
		};
/* End PBXNativeTarget section */

/* Begin PBXProject section */
		B85D589C234487DD00C7C9B7 /* Project object */ = {
			isa = PBXProject;
			attributes = {
				LastUpgradeCheck = 1020;
				ORGANIZATIONNAME = zappasoft;
				TargetAttributes = {
					B85D58A3234487DD00C7C9B7 = {
						CreatedOnToolsVersion = 10.2.1;
					};
				};
			};
			buildConfigurationList = B85D589F234487DD00C7C9B7 /* Build configuration list for PBXProject "lamha" */;
			compatibilityVersion = "Xcode 9.3";
			developmentRegion = en;
			hasScannedForEncodings = 0;
			knownRegions = (
				en,
				Base,
			);
			mainGroup = B85D589B234487DD00C7C9B7;
			productRefGroup = B85D58A5234487DD00C7C9B7 /* Products */;
			projectDirPath = "";
			projectRoot = "";
			targets = (
				B85D58A3234487DD00C7C9B7 /* lamha */,
			);
		};
/* End PBXProject section */

/* Begin PBXResourcesBuildPhase section */
		B85D58A2234487DD00C7C9B7 /* Resources */ = {
			isa = PBXResourcesBuildPhase;
			buildActionMask = 2147483647;
			files = (
				B85D58BE2344883500C7C9B7 /* search_videos.plist in Resources */,
				B85D58B4234487DE00C7C9B7 /* LaunchScreen.storyboard in Resources */,
				B85D58B1234487DE00C7C9B7 /* Assets.xcassets in Resources */,
				B85D58AF234487DD00C7C9B7 /* Main.storyboard in Resources */,
			);
			runOnlyForDeploymentPostprocessing = 0;
		};
/* End PBXResourcesBuildPhase section */

/* Begin PBXSourcesBuildPhase section */
		B85D58A0234487DD00C7C9B7 /* Sources */ = {
			isa = PBXSourcesBuildPhase;
			buildActionMask = 2147483647;
			files = (
				B85D58C12344899000C7C9B7 /* CHCSVParser.m in Sources */,
				B85D58AC234487DD00C7C9B7 /* ViewController.m in Sources */,
				B85D58B7234487DE00C7C9B7 /* main.m in Sources */,
				B85D58A9234487DD00C7C9B7 /* AppDelegate.m in Sources */,
			);
			runOnlyForDeploymentPostprocessing = 0;
		};
/* End PBXSourcesBuildPhase section */

/* Begin PBXVariantGroup section */
		B85D58AD234487DD00C7C9B7 /* Main.storyboard */ = {
			isa = PBXVariantGroup;
			children = (
				B85D58AE234487DD00C7C9B7 /* Base */,
			);
			name = Main.storyboard;
			sourceTree = "<group>";
		};
		B85D58B2234487DE00C7C9B7 /* LaunchScreen.storyboard */ = {
			isa = PBXVariantGroup;
			children = (
				B85D58B3234487DE00C7C9B7 /* Base */,
			);
			name = LaunchScreen.storyboard;
			sourceTree = "<group>";
		};
/* End PBXVariantGroup section */

/* Begin XCBuildConfiguration section */
		B85D58B8234487DE00C7C9B7 /* Debug */ = {
			isa = XCBuildConfiguration;
			buildSettings = {
				ALWAYS_SEARCH_USER_PATHS = NO;
				CLANG_ANALYZER_NONNULL = YES;
				CLANG_ANALYZER_NUMBER_OBJECT_CONVERSION = YES_AGGRESSIVE;
				CLANG_CXX_LANGUAGE_STANDARD = "gnu++14";
				CLANG_CXX_LIBRARY = "libc++";
				CLANG_ENABLE_MODULES = YES;
				CLANG_ENABLE_OBJC_ARC = YES;
				CLANG_ENABLE_OBJC_WEAK = YES;
				CLANG_WARN_BLOCK_CAPTURE_AUTORELEASING = YES;
				CLANG_WARN_BOOL_CONVERSION = YES;
				CLANG_WARN_COMMA = YES;
				CLANG_WARN_CONSTANT_CONVERSION = YES;
				CLANG_WARN_DEPRECATED_OBJC_IMPLEMENTATIONS = YES;
				CLANG_WARN_DIRECT_OBJC_ISA_USAGE = YES_ERROR;
				CLANG_WARN_DOCUMENTATION_COMMENTS = YES;
				CLANG_WARN_EMPTY_BODY = YES;
				CLANG_WARN_ENUM_CONVERSION = YES;
				CLANG_WARN_INFINITE_RECURSION = YES;
				CLANG_WARN_INT_CONVERSION = YES;
				CLANG_WARN_NON_LITERAL_NULL_CONVERSION = YES;
				CLANG_WARN_OBJC_IMPLICIT_RETAIN_SELF = YES;
				CLANG_WARN_OBJC_LITERAL_CONVERSION = YES;
				CLANG_WARN_OBJC_ROOT_CLASS = YES_ERROR;
				CLANG_WARN_RANGE_LOOP_ANALYSIS = YES;
				CLANG_WARN_STRICT_PROTOTYPES = YES;
				CLANG_WARN_SUSPICIOUS_MOVE = YES;
				CLANG_WARN_UNGUARDED_AVAILABILITY = YES_AGGRESSIVE;
				CLANG_WARN_UNREACHABLE_CODE = YES;
				CLANG_WARN__DUPLICATE_METHOD_MATCH = YES;
				CODE_SIGN_IDENTITY = "iPhone Developer";
				COPY_PHASE_STRIP = NO;
				DEBUG_INFORMATION_FORMAT = dwarf;
				ENABLE_STRICT_OBJC_MSGSEND = YES;
				ENABLE_TESTABILITY = YES;
				GCC_C_LANGUAGE_STANDARD = gnu11;
				GCC_DYNAMIC_NO_PIC = NO;
				GCC_NO_COMMON_BLOCKS = YES;
				GCC_OPTIMIZATION_LEVEL = 0;
				GCC_PREPROCESSOR_DEFINITIONS = (
					"DEBUG=1",
					"$(inherited)",
				);
				GCC_WARN_64_TO_32_BIT_CONVERSION = YES;
				GCC_WARN_ABOUT_RETURN_TYPE = YES_ERROR;
				GCC_WARN_UNDECLARED_SELECTOR = YES;
				GCC_WARN_UNINITIALIZED_AUTOS = YES_AGGRESSIVE;
				GCC_WARN_UNUSED_FUNCTION = YES;
				GCC_WARN_UNUSED_VARIABLE = YES;
				IPHONEOS_DEPLOYMENT_TARGET = 12.2;
				MTL_ENABLE_DEBUG_INFO = INCLUDE_SOURCE;
				MTL_FAST_MATH = YES;
				ONLY_ACTIVE_ARCH = YES;
				SDKROOT = iphoneos;
			};
			name = Debug;
		};
		B85D58B9234487DE00C7C9B7 /* Release */ = {
			isa = XCBuildConfiguration;
			buildSettings = {
				ALWAYS_SEARCH_USER_PATHS = NO;
				CLANG_ANALYZER_NONNULL = YES;
				CLANG_ANALYZER_NUMBER_OBJECT_CONVERSION = YES_AGGRESSIVE;
				CLANG_CXX_LANGUAGE_STANDARD = "gnu++14";
				CLANG_CXX_LIBRARY = "libc++";
				CLANG_ENABLE_MODULES = YES;
				CLANG_ENABLE_OBJC_ARC = YES;
				CLANG_ENABLE_OBJC_WEAK = YES;
				CLANG_WARN_BLOCK_CAPTURE_AUTORELEASING = YES;
				CLANG_WARN_BOOL_CONVERSION = YES;
				CLANG_WARN_COMMA = YES;
				CLANG_WARN_CONSTANT_CONVERSION = YES;
				CLANG_WARN_DEPRECATED_OBJC_IMPLEMENTATIONS = YES;
				CLANG_WARN_DIRECT_OBJC_ISA_USAGE = YES_ERROR;
				CLANG_WARN_DOCUMENTATION_COMMENTS = YES;
				CLANG_WARN_EMPTY_BODY = YES;
				CLANG_WARN_ENUM_CONVERSION = YES;
				CLANG_WARN_INFINITE_RECURSION = YES;
				CLANG_WARN_INT_CONVERSION = YES;
				CLANG_WARN_NON_LITERAL_NULL_CONVERSION = YES;
				CLANG_WARN_OBJC_IMPLICIT_RETAIN_SELF = YES;
				CLANG_WARN_OBJC_LITERAL_CONVERSION = YES;
				CLANG_WARN_OBJC_ROOT_CLASS = YES_ERROR;
				CLANG_WARN_RANGE_LOOP_ANALYSIS = YES;
				CLANG_WARN_STRICT_PROTOTYPES = YES;
				CLANG_WARN_SUSPICIOUS_MOVE = YES;
				CLANG_WARN_UNGUARDED_AVAILABILITY = YES_AGGRESSIVE;
				CLANG_WARN_UNREACHABLE_CODE = YES;
				CLANG_WARN__DUPLICATE_METHOD_MATCH = YES;
				CODE_SIGN_IDENTITY = "iPhone Developer";
				COPY_PHASE_STRIP = NO;
				DEBUG_INFORMATION_FORMAT = "dwarf-with-dsym";
				ENABLE_NS_ASSERTIONS = NO;
				ENABLE_STRICT_OBJC_MSGSEND = YES;
				GCC_C_LANGUAGE_STANDARD = gnu11;
				GCC_NO_COMMON_BLOCKS = YES;
				GCC_WARN_64_TO_32_BIT_CONVERSION = YES;
				GCC_WARN_ABOUT_RETURN_TYPE = YES_ERROR;
				GCC_WARN_UNDECLARED_SELECTOR = YES;
				GCC_WARN_UNINITIALIZED_AUTOS = YES_AGGRESSIVE;
				GCC_WARN_UNUSED_FUNCTION = YES;
				GCC_WARN_UNUSED_VARIABLE = YES;
				IPHONEOS_DEPLOYMENT_TARGET = 12.2;
				MTL_ENABLE_DEBUG_INFO = NO;
				MTL_FAST_MATH = YES;
				SDKROOT = iphoneos;
				VALIDATE_PRODUCT = YES;
			};
			name = Release;
		};
		B85D58BB234487DE00C7C9B7 /* Debug */ = {
			isa = XCBuildConfiguration;
			buildSettings = {
				ASSETCATALOG_COMPILER_APPICON_NAME = AppIcon;
				CODE_SIGN_STYLE = Automatic;
				DEVELOPMENT_TEAM = YATME8PQ74;
				INFOPLIST_FILE = lamha/Info.plist;
				LD_RUNPATH_SEARCH_PATHS = (
					"$(inherited)",
					"@executable_path/Frameworks",
				);
				PRODUCT_BUNDLE_IDENTIFIER = zappasoft.lamha;
				PRODUCT_NAME = "$(TARGET_NAME)";
				TARGETED_DEVICE_FAMILY = "1,2";
			};
			name = Debug;
		};
		B85D58BC234487DE00C7C9B7 /* Release */ = {
			isa = XCBuildConfiguration;
			buildSettings = {
				ASSETCATALOG_COMPILER_APPICON_NAME = AppIcon;
				CODE_SIGN_STYLE = Automatic;
				DEVELOPMENT_TEAM = YATME8PQ74;
				INFOPLIST_FILE = lamha/Info.plist;
				LD_RUNPATH_SEARCH_PATHS = (
					"$(inherited)",
					"@executable_path/Frameworks",
				);
				PRODUCT_BUNDLE_IDENTIFIER = zappasoft.lamha;
				PRODUCT_NAME = "$(TARGET_NAME)";
				TARGETED_DEVICE_FAMILY = "1,2";
			};
			name = Release;
		};
/* End XCBuildConfiguration section */

/* Begin XCConfigurationList section */
		B85D589F234487DD00C7C9B7 /* Build configuration list for PBXProject "lamha" */ = {
			isa = XCConfigurationList;
			buildConfigurations = (
				B85D58B8234487DE00C7C9B7 /* Debug */,
				B85D58B9234487DE00C7C9B7 /* Release */,
			);
			defaultConfigurationIsVisible = 0;
			defaultConfigurationName = Release;
		};
		B85D58BA234487DE00C7C9B7 /* Build configuration list for PBXNativeTarget "lamha" */ = {
			isa = XCConfigurationList;
			buildConfigurations = (
				B85D58BB234487DE00C7C9B7 /* Debug */,
				B85D58BC234487DE00C7C9B7 /* Release */,
			);
			defaultConfigurationIsVisible = 0;
			defaultConfigurationName = Release;
		};
/* End XCConfigurationList section */
	};
	rootObject = B85D589C234487DD00C7C9B7 /* Project object */;
}
